# THIS IS AN AUTOGENERATED FILE. DO NOT EDIT THIS FILE DIRECTLY.
# yarn lockfile v1


any-promise@1.3.0:
  version "1.3.0"
  resolved "https://registry.yarnpkg.com/any-promise/-/any-promise-1.3.0.tgz#abc6afeedcea52e809cdc0376aed3ce39635d17f"

co@3.1.0:
  version "3.1.0"
  resolved "https://registry.yarnpkg.com/co/-/co-3.1.0.tgz#4ea54ea5a08938153185e15210c68d9092bc1b78"

combine-errors@2:
  version "2.0.0"
  resolved "https://registry.yarnpkg.com/combine-errors/-/combine-errors-2.0.0.tgz#6ca13e4773111d8e7a74958966a4f4ff589960c3"

cookie@^0.3.1:
  version "0.3.1"
  resolved "https://registry.yarnpkg.com/cookie/-/cookie-0.3.1.tgz#e7e0a1f9ef43b4c8ba925c5c5a96e806d16873bb"

debug@2.2.0:
  version "2.2.0"
  resolved "https://registry.yarnpkg.com/debug/-/debug-2.2.0.tgz#f87057e995b1a1f6ae6a4960664137bc56f039da"
  dependencies:
    ms "0.7.1"

macaddress@^0.2.8:
  version "0.2.8"
  resolved "https://registry.yarnpkg.com/macaddress/-/macaddress-0.2.8.tgz#5904dc537c39ec6dbefeae902327135fa8511f12"

ms@0.7.1:
  version "0.7.1"
  resolved "https://registry.yarnpkg.com/ms/-/ms-0.7.1.tgz#9cd13c03adbff25b65effde7ce864ee952017098"

oauth@^0.9.15:
  version "0.9.15"
  resolved "https://registry.yarnpkg.com/oauth/-/oauth-0.9.15.tgz#bd1fefaf686c96b75475aed5196412ff60cfb9c1"

sliced@^1.0.1:
  version "1.0.1"
  resolved "https://registry.yarnpkg.com/sliced/-/sliced-1.0.1.tgz#0b3a662b5d04c3177b1926bea82b03f837a2ef41"

uniqid@^4.1.1:
  version "4.1.1"
  resolved "https://registry.yarnpkg.com/uniqid/-/uniqid-4.1.1.tgz#89220ddf6b751ae52b5f72484863528596bb84c1"
  dependencies:
    macaddress "^0.2.8"

vo@^4.0.2:
  version "4.0.2"
  resolved "https://registry.yarnpkg.com/vo/-/vo-4.0.2.tgz#c3ec4965cd1dc2b3cea3d4dcb3a0bb8bd8575ff9"
  dependencies:
    any-promise "1.3.0"
    co "3.1.0"
    combine-errors "2"
    debug "2.2.0"
    sliced "^1.0.1"
